
Microsoft Visual Studio Solution File, Format Version 11.00
# Visual Studio 2010
Project("{FAE04EC0-301F-11D3-BF4B-00C04F79EFBC}") = "DatePickerDemo", "DatePickerDemo\DatePickerDemo.csproj", "{A8FA5D2D-0386-4B2B-934E-F37AF25FE191}"
EndProject
Global
	GlobalSection(SolutionConfigurationPlatforms) = preSolution
		Debug|iPhoneSimulator = Debug|iPhoneSimulator
		Release|iPhoneSimulator = Release|iPhoneSimulator
		Debug|iPhone = Debug|iPhone
		Release|iPhone = Release|iPhone
		Ad-Hoc|iPhone = Ad-Hoc|iPhone
		AppStore|iPhone = AppStore|iPhone
	EndGlobalSection
	GlobalSection(ProjectConfigurationPlatforms) = postSolution
		{A8FA5D2D-0386-4B2B-934E-F37AF25FE191}.Ad-Hoc|iPhone.ActiveCfg = Ad-Hoc|iPhone
		{A8FA5D2D-0386-4B2B-934E-F37AF25FE191}.Ad-Hoc|iPhone.Build.0 = Ad-Hoc|iPhone
		{A8FA5D2D-0386-4B2B-934E-F37AF25FE191}.AppStore|iPhone.ActiveCfg = AppStore|iPhone
		{A8FA5D2D-0386-4B2B-934E-F37AF25FE191}.AppStore|iPhone.Build.0 = AppStore|iPhone
		{A8FA5D2D-0386-4B2B-934E-F37AF25FE191}.Debug|iPhone.ActiveCfg = Debug|iPhone
		{A8FA5D2D-0386-4B2B-934E-F37AF25FE191}.Debug|iPhone.Build.0 = Debug|iPhone
		{A8FA5D2D-0386-4B2B-934E-F37AF25FE191}.Debug|iPhoneSimulator.ActiveCfg = Debug|iPhoneSimulator
		{A8FA5D2D-0386-4B2B-934E-F37AF25FE191}.Debug|iPhoneSimulator.Build.0 = Debug|iPhoneSimulator
		{A8FA5D2D-0386-4B2B-934E-F37AF25FE191}.Release|iPhone.ActiveCfg = Release|iPhone
		{A8FA5D2D-0386-4B2B-934E-F37AF25FE191}.Release|iPhone.Build.0 = Release|iPhone
		{A8FA5D2D-0386-4B2B-934E-F37AF25FE191}.Release|iPhoneSimulator.ActiveCfg = Release|iPhoneSimulator
		{A8FA5D2D-0386-4B2B-934E-F37AF25FE191}.Release|iPhoneSimulator.Build.0 = Release|iPhoneSimulator
	EndGlobalSection
	GlobalSection(MonoDevelopProperties) = preSolution
		StartupItem = DatePickerDemo\DatePickerDemo.csproj
	EndGlobalSection
EndGlobal
